
Microsoft Visual Studio Solution File, Format Version 12.00
# Visual Studio Version 17
VisualStudioVersion = 17.0.32126.317
MinimumVisualStudioVersion = 10.0.40219.1
Project("{FAE04EC0-301F-11D3-BF4B-00C04F79EFBC}") = "Interface", "Interface\Interface.csproj", "{205031C7-98C9-41A2-B0CE-C39EE27460C3}"
EndProject
Global
	GlobalSection(SolutionConfigurationPlatforms) = preSolution
		Debug|Any CPU = Debug|Any CPU
		Release|Any CPU = Release|Any CPU
	EndGlobalSection
	GlobalSection(ProjectConfigurationPlatforms) = postSolution
		{205031C7-98C9-41A2-B0CE-C39EE27460C3}.Debug|Any CPU.ActiveCfg = Debug|Any CPU
		{205031C7-98C9-41A2-B0CE-C39EE27460C3}.Debug|Any CPU.Build.0 = Debug|Any CPU
		{205031C7-98C9-41A2-B0CE-C39EE27460C3}.Release|Any CPU.ActiveCfg = Release|Any CPU
		{205031C7-98C9-41A2-B0CE-C39EE27460C3}.Release|Any CPU.Build.0 = Release|Any CPU
	EndGlobalSection
	GlobalSection(SolutionProperties) = preSolution
		HideSolutionNode = FALSE
	EndGlobalSection
	GlobalSection(ExtensibilityGlobals) = postSolution
		SolutionGuid = {63C12726-702A-467D-8138-9CEF9B9522F9}
	EndGlobalSection
EndGlobal
